
Microsoft Visual Studio Solution File, Format Version 12.00
# Visual Studio 14
VisualStudioVersion = 14.0.25420.1
MinimumVisualStudioVersion = 10.0.40219.1
Project("{8BC9CEB8-8B4A-11D0-8D11-00A0C91BC942}") = "opencv4_test", "opencv4_test\opencv4_test.vcxproj", "{1E6476EF-9AD8-4921-B40E-D7C8A8E8D78B}"
EndProject
Project("{8BC9CEB8-8B4A-11D0-8D11-00A0C91BC942}") = "opencv4_001", "ConsoleApplication1\ConsoleApplication1.vcxproj", "{994CBFA3-9290-4072-85F6-A1FC9F2E8082}"
EndProject
Project("{8BC9CEB8-8B4A-11D0-8D11-00A0C91BC942}") = "matTest", "opencv4_002\opencv4_002.vcxproj", "{E04C32CA-80BE-434B-A870-3BF64389379B}"
EndProject
Project("{8BC9CEB8-8B4A-11D0-8D11-00A0C91BC942}") = "opencv4_003", "opencv4_003\opencv4_003.vcxproj", "{DFD52582-21E1-4000-B1FA-F2DF88FC5987}"
EndProject
Project("{8BC9CEB8-8B4A-11D0-8D11-00A0C91BC942}") = "baseOperation", "opencv4_004\opencv4_004.vcxproj", "{A74F56B4-D3DD-4E2B-9FAD-FE4682AB8677}"
EndProject
Project("{8BC9CEB8-8B4A-11D0-8D11-00A0C91BC942}") = "opencv4_005", "opencv_005\opencv_005.vcxproj", "{32F3F6C2-7E04-4DCC-980C-3D2BD7911EAF}"
EndProject
Project("{8BC9CEB8-8B4A-11D0-8D11-00A0C91BC942}") = "opencv4_006", "opencv04_006\opencv04_006.vcxproj", "{62F7C5AE-1D09-4319-8220-424167BC04D6}"
EndProject
Project("{8BC9CEB8-8B4A-11D0-8D11-00A0C91BC942}") = "opencv4_007", "opencv4_007\opencv4_007.vcxproj", "{25D8EB15-CCB4-4CB3-82BE-FE7E458B6DCA}"
EndProject
Project("{8BC9CEB8-8B4A-11D0-8D11-00A0C91BC942}") = "calcHist", "opencv4_008\opencv4_008.vcxproj", "{EB9E94EF-D268-4DFD-A75F-7A77F38321FD}"
EndProject
Project("{8BC9CEB8-8B4A-11D0-8D11-00A0C91BC942}") = "opencv4_009", "opencv4_009\opencv4_009.vcxproj", "{05AD6967-835D-4FC9-9095-B91C74ACC155}"
EndProject
Project("{8BC9CEB8-8B4A-11D0-8D11-00A0C91BC942}") = "opencv4_010", "opencv_010\opencv_010.vcxproj", "{A73725D8-22AE-4CF2-8002-B0EBFAB195FC}"
EndProject
Project("{8BC9CEB8-8B4A-11D0-8D11-00A0C91BC942}") = "opencv4_011", "opencv4_11\opencv4_11.vcxproj", "{A3E0D55D-080E-4C82-A259-AA812AF11063}"
EndProject
Project("{8BC9CEB8-8B4A-11D0-8D11-00A0C91BC942}") = "opencv4_012", "opencv4_012\opencv4_012.vcxproj", "{1264080E-66CF-448F-AC91-D2111165D315}"
EndProject
Project("{8BC9CEB8-8B4A-11D0-8D11-00A0C91BC942}") = "opencv4_013", "opencv4_013\opencv4_013.vcxproj", "{CEFF7548-0A38-4D9B-9A23-6F6F7A118543}"
EndProject
Project("{8BC9CEB8-8B4A-11D0-8D11-00A0C91BC942}") = "opencv4_014", "opencv4_014\opencv4_014.vcxproj", "{D9E7FE8D-E88B-4F4B-8784-C91895A212EC}"
EndProject
Project("{8BC9CEB8-8B4A-11D0-8D11-00A0C91BC942}") = "opencv4_017", "opencv4_015\opencv4_015.vcxproj", "{C654C9B6-0B8B-450B-992D-3FC2E1C408E8}"
EndProject
Project("{8BC9CEB8-8B4A-11D0-8D11-00A0C91BC942}") = "contours", "opencv4_016\opencv4_016.vcxproj", "{FE771106-3E23-4E43-BF44-8599EFE1BC26}"
EndProject
Project("{8BC9CEB8-8B4A-11D0-8D11-00A0C91BC942}") = "cannyAndHoughLines", "opencv4_017\opencv4_017.vcxproj", "{651D9967-659A-47A9-8F15-FF2430B46DA5}"
EndProject
Project("{8BC9CEB8-8B4A-11D0-8D11-00A0C91BC942}") = "opencv4_018", "opencv4_018\opencv4_018.vcxproj", "{5B1036D1-D0E4-47AC-A9BF-CCC3F6AFFE91}"
EndProject
Project("{8BC9CEB8-8B4A-11D0-8D11-00A0C91BC942}") = "opencv4_019", "opencv4_019\opencv4_019.vcxproj", "{4F5A74F4-5FA4-456B-A532-FAEC1449FCF6}"
EndProject
Project("{8BC9CEB8-8B4A-11D0-8D11-00A0C91BC942}") = "histBackProjection", "016直方图投影\016直方图投影.vcxproj", "{CD3A6B6E-A731-4149-A9AC-6F2197773AFA}"
EndProject
Project("{8BC9CEB8-8B4A-11D0-8D11-00A0C91BC942}") = "backgroundAnalysis", "backgroundAnalysis\backgroundAnalysis.vcxproj", "{7C15D66D-A71E-416E-92A4-38FC35B1A9B4}"
EndProject
Project("{8BC9CEB8-8B4A-11D0-8D11-00A0C91BC942}") = "colorTrack", "colorTrack\colorTrack.vcxproj", "{1175BDF7-3D3A-4BB4-B848-B5CFBDE08BD1}"
EndProject
Project("{8BC9CEB8-8B4A-11D0-8D11-00A0C91BC942}") = "QRcode", "QRcode\QRcode.vcxproj", "{9C24E26A-AA4B-47F8-8B9B-33AA26F267D8}"
EndProject
Global
	GlobalSection(SolutionConfigurationPlatforms) = preSolution
		Debug|x64 = Debug|x64
		Debug|x86 = Debug|x86
		Release|x64 = Release|x64
		Release|x86 = Release|x86
	EndGlobalSection
	GlobalSection(ProjectConfigurationPlatforms) = postSolution
		{1E6476EF-9AD8-4921-B40E-D7C8A8E8D78B}.Debug|x64.ActiveCfg = Debug|x64
		{1E6476EF-9AD8-4921-B40E-D7C8A8E8D78B}.Debug|x64.Build.0 = Debug|x64
		{1E6476EF-9AD8-4921-B40E-D7C8A8E8D78B}.Debug|x86.ActiveCfg = Debug|Win32
		{1E6476EF-9AD8-4921-B40E-D7C8A8E8D78B}.Debug|x86.Build.0 = Debug|Win32
		{1E6476EF-9AD8-4921-B40E-D7C8A8E8D78B}.Release|x64.ActiveCfg = Release|x64
		{1E6476EF-9AD8-4921-B40E-D7C8A8E8D78B}.Release|x64.Build.0 = Release|x64
		{1E6476EF-9AD8-4921-B40E-D7C8A8E8D78B}.Release|x86.ActiveCfg = Release|Win32
		{1E6476EF-9AD8-4921-B40E-D7C8A8E8D78B}.Release|x86.Build.0 = Release|Win32
		{994CBFA3-9290-4072-85F6-A1FC9F2E8082}.Debug|x64.ActiveCfg = Debug|x64
		{994CBFA3-9290-4072-85F6-A1FC9F2E8082}.Debug|x64.Build.0 = Debug|x64
		{994CBFA3-9290-4072-85F6-A1FC9F2E8082}.Debug|x86.ActiveCfg = Debug|Win32
		{994CBFA3-9290-4072-85F6-A1FC9F2E8082}.Debug|x86.Build.0 = Debug|Win32
		{994CBFA3-9290-4072-85F6-A1FC9F2E8082}.Release|x64.ActiveCfg = Release|x64
		{994CBFA3-9290-4072-85F6-A1FC9F2E8082}.Release|x64.Build.0 = Release|x64
		{994CBFA3-9290-4072-85F6-A1FC9F2E8082}.Release|x86.ActiveCfg = Release|Win32
		{994CBFA3-9290-4072-85F6-A1FC9F2E8082}.Release|x86.Build.0 = Release|Win32
		{E04C32CA-80BE-434B-A870-3BF64389379B}.Debug|x64.ActiveCfg = Debug|x64
		{E04C32CA-80BE-434B-A870-3BF64389379B}.Debug|x64.Build.0 = Debug|x64
		{E04C32CA-80BE-434B-A870-3BF64389379B}.Debug|x86.ActiveCfg = Debug|Win32
		{E04C32CA-80BE-434B-A870-3BF64389379B}.Debug|x86.Build.0 = Debug|Win32
		{E04C32CA-80BE-434B-A870-3BF64389379B}.Release|x64.ActiveCfg = Release|x64
		{E04C32CA-80BE-434B-A870-3BF64389379B}.Release|x64.Build.0 = Release|x64
		{E04C32CA-80BE-434B-A870-3BF64389379B}.Release|x86.ActiveCfg = Release|Win32
		{E04C32CA-80BE-434B-A870-3BF64389379B}.Release|x86.Build.0 = Release|Win32
		{DFD52582-21E1-4000-B1FA-F2DF88FC5987}.Debug|x64.ActiveCfg = Debug|x64
		{DFD52582-21E1-4000-B1FA-F2DF88FC5987}.Debug|x64.Build.0 = Debug|x64
		{DFD52582-21E1-4000-B1FA-F2DF88FC5987}.Debug|x86.ActiveCfg = Debug|Win32
		{DFD52582-21E1-4000-B1FA-F2DF88FC5987}.Debug|x86.Build.0 = Debug|Win32
		{DFD52582-21E1-4000-B1FA-F2DF88FC5987}.Release|x64.ActiveCfg = Release|x64
		{DFD52582-21E1-4000-B1FA-F2DF88FC5987}.Release|x64.Build.0 = Release|x64
		{DFD52582-21E1-4000-B1FA-F2DF88FC5987}.Release|x86.ActiveCfg = Release|Win32
		{DFD52582-21E1-4000-B1FA-F2DF88FC5987}.Release|x86.Build.0 = Release|Win32
		{A74F56B4-D3DD-4E2B-9FAD-FE4682AB8677}.Debug|x64.ActiveCfg = Debug|x64
		{A74F56B4-D3DD-4E2B-9FAD-FE4682AB8677}.Debug|x64.Build.0 = Debug|x64
		{A74F56B4-D3DD-4E2B-9FAD-FE4682AB8677}.Debug|x86.ActiveCfg = Debug|Win32
		{A74F56B4-D3DD-4E2B-9FAD-FE4682AB8677}.Debug|x86.Build.0 = Debug|Win32
		{A74F56B4-D3DD-4E2B-9FAD-FE4682AB8677}.Release|x64.ActiveCfg = Release|x64
		{A74F56B4-D3DD-4E2B-9FAD-FE4682AB8677}.Release|x64.Build.0 = Release|x64
		{A74F56B4-D3DD-4E2B-9FAD-FE4682AB8677}.Release|x86.ActiveCfg = Release|Win32
		{A74F56B4-D3DD-4E2B-9FAD-FE4682AB8677}.Release|x86.Build.0 = Release|Win32
		{32F3F6C2-7E04-4DCC-980C-3D2BD7911EAF}.Debug|x64.ActiveCfg = Debug|x64
		{32F3F6C2-7E04-4DCC-980C-3D2BD7911EAF}.Debug|x64.Build.0 = Debug|x64
		{32F3F6C2-7E04-4DCC-980C-3D2BD7911EAF}.Debug|x86.ActiveCfg = Debug|Win32
		{32F3F6C2-7E04-4DCC-980C-3D2BD7911EAF}.Debug|x86.Build.0 = Debug|Win32
		{32F3F6C2-7E04-4DCC-980C-3D2BD7911EAF}.Release|x64.ActiveCfg = Release|x64
		{32F3F6C2-7E04-4DCC-980C-3D2BD7911EAF}.Release|x64.Build.0 = Release|x64
		{32F3F6C2-7E04-4DCC-980C-3D2BD7911EAF}.Release|x86.ActiveCfg = Release|Win32
		{32F3F6C2-7E04-4DCC-980C-3D2BD7911EAF}.Release|x86.Build.0 = Release|Win32
		{62F7C5AE-1D09-4319-8220-424167BC04D6}.Debug|x64.ActiveCfg = Debug|x64
		{62F7C5AE-1D09-4319-8220-424167BC04D6}.Debug|x64.Build.0 = Debug|x64
		{62F7C5AE-1D09-4319-8220-424167BC04D6}.Debug|x86.ActiveCfg = Debug|Win32
		{62F7C5AE-1D09-4319-8220-424167BC04D6}.Debug|x86.Build.0 = Debug|Win32
		{62F7C5AE-1D09-4319-8220-424167BC04D6}.Release|x64.ActiveCfg = Release|x64
		{62F7C5AE-1D09-4319-8220-424167BC04D6}.Release|x64.Build.0 = Release|x64
		{62F7C5AE-1D09-4319-8220-424167BC04D6}.Release|x86.ActiveCfg = Release|Win32
		{62F7C5AE-1D09-4319-8220-424167BC04D6}.Release|x86.Build.0 = Release|Win32
		{25D8EB15-CCB4-4CB3-82BE-FE7E458B6DCA}.Debug|x64.ActiveCfg = Debug|x64
		{25D8EB15-CCB4-4CB3-82BE-FE7E458B6DCA}.Debug|x64.Build.0 = Debug|x64
		{25D8EB15-CCB4-4CB3-82BE-FE7E458B6DCA}.Debug|x86.ActiveCfg = Debug|Win32
		{25D8EB15-CCB4-4CB3-82BE-FE7E458B6DCA}.Debug|x86.Build.0 = Debug|Win32
		{25D8EB15-CCB4-4CB3-82BE-FE7E458B6DCA}.Release|x64.ActiveCfg = Release|x64
		{25D8EB15-CCB4-4CB3-82BE-FE7E458B6DCA}.Release|x64.Build.0 = Release|x64
		{25D8EB15-CCB4-4CB3-82BE-FE7E458B6DCA}.Release|x86.ActiveCfg = Release|Win32
		{25D8EB15-CCB4-4CB3-82BE-FE7E458B6DCA}.Release|x86.Build.0 = Release|Win32
		{EB9E94EF-D268-4DFD-A75F-7A77F38321FD}.Debug|x64.ActiveCfg = Debug|x64
		{EB9E94EF-D268-4DFD-A75F-7A77F38321FD}.Debug|x64.Build.0 = Debug|x64
		{EB9E94EF-D268-4DFD-A75F-7A77F38321FD}.Debug|x86.ActiveCfg = Debug|Win32
		{EB9E94EF-D268-4DFD-A75F-7A77F38321FD}.Debug|x86.Build.0 = Debug|Win32
		{EB9E94EF-D268-4DFD-A75F-7A77F38321FD}.Release|x64.ActiveCfg = Release|x64
		{EB9E94EF-D268-4DFD-A75F-7A77F38321FD}.Release|x64.Build.0 = Release|x64
		{EB9E94EF-D268-4DFD-A75F-7A77F38321FD}.Release|x86.ActiveCfg = Release|Win32
		{EB9E94EF-D268-4DFD-A75F-7A77F38321FD}.Release|x86.Build.0 = Release|Win32
		{05AD6967-835D-4FC9-9095-B91C74ACC155}.Debug|x64.ActiveCfg = Debug|x64
		{05AD6967-835D-4FC9-9095-B91C74ACC155}.Debug|x64.Build.0 = Debug|x64
		{05AD6967-835D-4FC9-9095-B91C74ACC155}.Debug|x86.ActiveCfg = Debug|Win32
		{05AD6967-835D-4FC9-9095-B91C74ACC155}.Debug|x86.Build.0 = Debug|Win32
		{05AD6967-835D-4FC9-9095-B91C74ACC155}.Release|x64.ActiveCfg = Release|x64
		{05AD6967-835D-4FC9-9095-B91C74ACC155}.Release|x64.Build.0 = Release|x64
		{05AD6967-835D-4FC9-9095-B91C74ACC155}.Release|x86.ActiveCfg = Release|Win32
		{05AD6967-835D-4FC9-9095-B91C74ACC155}.Release|x86.Build.0 = Release|Win32
		{A73725D8-22AE-4CF2-8002-B0EBFAB195FC}.Debug|x64.ActiveCfg = Debug|x64
		{A73725D8-22AE-4CF2-8002-B0EBFAB195FC}.Debug|x64.Build.0 = Debug|x64
		{A73725D8-22AE-4CF2-8002-B0EBFAB195FC}.Debug|x86.ActiveCfg = Debug|Win32
		{A73725D8-22AE-4CF2-8002-B0EBFAB195FC}.Debug|x86.Build.0 = Debug|Win32
		{A73725D8-22AE-4CF2-8002-B0EBFAB195FC}.Release|x64.ActiveCfg = Release|x64
		{A73725D8-22AE-4CF2-8002-B0EBFAB195FC}.Release|x64.Build.0 = Release|x64
		{A73725D8-22AE-4CF2-8002-B0EBFAB195FC}.Release|x86.ActiveCfg = Release|Win32
		{A73725D8-22AE-4CF2-8002-B0EBFAB195FC}.Release|x86.Build.0 = Release|Win32
		{A3E0D55D-080E-4C82-A259-AA812AF11063}.Debug|x64.ActiveCfg = Debug|x64
		{A3E0D55D-080E-4C82-A259-AA812AF11063}.Debug|x64.Build.0 = Debug|x64
		{A3E0D55D-080E-4C82-A259-AA812AF11063}.Debug|x86.ActiveCfg = Debug|Win32
		{A3E0D55D-080E-4C82-A259-AA812AF11063}.Debug|x86.Build.0 = Debug|Win32
		{A3E0D55D-080E-4C82-A259-AA812AF11063}.Release|x64.ActiveCfg = Release|x64
		{A3E0D55D-080E-4C82-A259-AA812AF11063}.Release|x64.Build.0 = Release|x64
		{A3E0D55D-080E-4C82-A259-AA812AF11063}.Release|x86.ActiveCfg = Release|Win32
		{A3E0D55D-080E-4C82-A259-AA812AF11063}.Release|x86.Build.0 = Release|Win32
		{1264080E-66CF-448F-AC91-D2111165D315}.Debug|x64.ActiveCfg = Debug|x64
		{1264080E-66CF-448F-AC91-D2111165D315}.Debug|x64.Build.0 = Debug|x64
		{1264080E-66CF-448F-AC91-D2111165D315}.Debug|x86.ActiveCfg = Debug|Win32
		{1264080E-66CF-448F-AC91-D2111165D315}.Debug|x86.Build.0 = Debug|Win32
		{1264080E-66CF-448F-AC91-D2111165D315}.Release|x64.ActiveCfg = Release|x64
		{1264080E-66CF-448F-AC91-D2111165D315}.Release|x64.Build.0 = Release|x64
		{1264080E-66CF-448F-AC91-D2111165D315}.Release|x86.ActiveCfg = Release|Win32
		{1264080E-66CF-448F-AC91-D2111165D315}.Release|x86.Build.0 = Release|Win32
		{CEFF7548-0A38-4D9B-9A23-6F6F7A118543}.Debug|x64.ActiveCfg = Debug|x64
		{CEFF7548-0A38-4D9B-9A23-6F6F7A118543}.Debug|x64.Build.0 = Debug|x64
		{CEFF7548-0A38-4D9B-9A23-6F6F7A118543}.Debug|x86.ActiveCfg = Debug|Win32
		{CEFF7548-0A38-4D9B-9A23-6F6F7A118543}.Debug|x86.Build.0 = Debug|Win32
		{CEFF7548-0A38-4D9B-9A23-6F6F7A118543}.Release|x64.ActiveCfg = Release|x64
		{CEFF7548-0A38-4D9B-9A23-6F6F7A118543}.Release|x64.Build.0 = Release|x64
		{CEFF7548-0A38-4D9B-9A23-6F6F7A118543}.Release|x86.ActiveCfg = Release|Win32
		{CEFF7548-0A38-4D9B-9A23-6F6F7A118543}.Release|x86.Build.0 = Release|Win32
		{D9E7FE8D-E88B-4F4B-8784-C91895A212EC}.Debug|x64.ActiveCfg = Debug|x64
		{D9E7FE8D-E88B-4F4B-8784-C91895A212EC}.Debug|x64.Build.0 = Debug|x64
		{D9E7FE8D-E88B-4F4B-8784-C91895A212EC}.Debug|x86.ActiveCfg = Debug|Win32
		{D9E7FE8D-E88B-4F4B-8784-C91895A212EC}.Debug|x86.Build.0 = Debug|Win32
		{D9E7FE8D-E88B-4F4B-8784-C91895A212EC}.Release|x64.ActiveCfg = Release|x64
		{D9E7FE8D-E88B-4F4B-8784-C91895A212EC}.Release|x64.Build.0 = Release|x64
		{D9E7FE8D-E88B-4F4B-8784-C91895A212EC}.Release|x86.ActiveCfg = Release|Win32
		{D9E7FE8D-E88B-4F4B-8784-C91895A212EC}.Release|x86.Build.0 = Release|Win32
		{C654C9B6-0B8B-450B-992D-3FC2E1C408E8}.Debug|x64.ActiveCfg = Debug|x64
		{C654C9B6-0B8B-450B-992D-3FC2E1C408E8}.Debug|x64.Build.0 = Debug|x64
		{C654C9B6-0B8B-450B-992D-3FC2E1C408E8}.Debug|x86.ActiveCfg = Debug|Win32
		{C654C9B6-0B8B-450B-992D-3FC2E1C408E8}.Debug|x86.Build.0 = Debug|Win32
		{C654C9B6-0B8B-450B-992D-3FC2E1C408E8}.Release|x64.ActiveCfg = Release|x64
		{C654C9B6-0B8B-450B-992D-3FC2E1C408E8}.Release|x64.Build.0 = Release|x64
		{C654C9B6-0B8B-450B-992D-3FC2E1C408E8}.Release|x86.ActiveCfg = Release|Win32
		{C654C9B6-0B8B-450B-992D-3FC2E1C408E8}.Release|x86.Build.0 = Release|Win32
		{FE771106-3E23-4E43-BF44-8599EFE1BC26}.Debug|x64.ActiveCfg = Debug|x64
		{FE771106-3E23-4E43-BF44-8599EFE1BC26}.Debug|x64.Build.0 = Debug|x64
		{FE771106-3E23-4E43-BF44-8599EFE1BC26}.Debug|x86.ActiveCfg = Debug|Win32
		{FE771106-3E23-4E43-BF44-8599EFE1BC26}.Debug|x86.Build.0 = Debug|Win32
		{FE771106-3E23-4E43-BF44-8599EFE1BC26}.Release|x64.ActiveCfg = Release|x64
		{FE771106-3E23-4E43-BF44-8599EFE1BC26}.Release|x64.Build.0 = Release|x64
		{FE771106-3E23-4E43-BF44-8599EFE1BC26}.Release|x86.ActiveCfg = Release|Win32
		{FE771106-3E23-4E43-BF44-8599EFE1BC26}.Release|x86.Build.0 = Release|Win32
		{651D9967-659A-47A9-8F15-FF2430B46DA5}.Debug|x64.ActiveCfg = Debug|x64
		{651D9967-659A-47A9-8F15-FF2430B46DA5}.Debug|x64.Build.0 = Debug|x64
		{651D9967-659A-47A9-8F15-FF2430B46DA5}.Debug|x86.ActiveCfg = Debug|Win32
		{651D9967-659A-47A9-8F15-FF2430B46DA5}.Debug|x86.Build.0 = Debug|Win32
		{651D9967-659A-47A9-8F15-FF2430B46DA5}.Release|x64.ActiveCfg = Release|x64
		{651D9967-659A-47A9-8F15-FF2430B46DA5}.Release|x64.Build.0 = Release|x64
		{651D9967-659A-47A9-8F15-FF2430B46DA5}.Release|x86.ActiveCfg = Release|Win32
		{651D9967-659A-47A9-8F15-FF2430B46DA5}.Release|x86.Build.0 = Release|Win32
		{5B1036D1-D0E4-47AC-A9BF-CCC3F6AFFE91}.Debug|x64.ActiveCfg = Debug|x64
		{5B1036D1-D0E4-47AC-A9BF-CCC3F6AFFE91}.Debug|x64.Build.0 = Debug|x64
		{5B1036D1-D0E4-47AC-A9BF-CCC3F6AFFE91}.Debug|x86.ActiveCfg = Debug|Win32
		{5B1036D1-D0E4-47AC-A9BF-CCC3F6AFFE91}.Debug|x86.Build.0 = Debug|Win32
		{5B1036D1-D0E4-47AC-A9BF-CCC3F6AFFE91}.Release|x64.ActiveCfg = Release|x64
		{5B1036D1-D0E4-47AC-A9BF-CCC3F6AFFE91}.Release|x64.Build.0 = Release|x64
		{5B1036D1-D0E4-47AC-A9BF-CCC3F6AFFE91}.Release|x86.ActiveCfg = Release|Win32
		{5B1036D1-D0E4-47AC-A9BF-CCC3F6AFFE91}.Release|x86.Build.0 = Release|Win32
		{4F5A74F4-5FA4-456B-A532-FAEC1449FCF6}.Debug|x64.ActiveCfg = Debug|x64
		{4F5A74F4-5FA4-456B-A532-FAEC1449FCF6}.Debug|x64.Build.0 = Debug|x64
		{4F5A74F4-5FA4-456B-A532-FAEC1449FCF6}.Debug|x86.ActiveCfg = Debug|Win32
		{4F5A74F4-5FA4-456B-A532-FAEC1449FCF6}.Debug|x86.Build.0 = Debug|Win32
		{4F5A74F4-5FA4-456B-A532-FAEC1449FCF6}.Release|x64.ActiveCfg = Release|x64
		{4F5A74F4-5FA4-456B-A532-FAEC1449FCF6}.Release|x64.Build.0 = Release|x64
		{4F5A74F4-5FA4-456B-A532-FAEC1449FCF6}.Release|x86.ActiveCfg = Release|Win32
		{4F5A74F4-5FA4-456B-A532-FAEC1449FCF6}.Release|x86.Build.0 = Release|Win32
		{CD3A6B6E-A731-4149-A9AC-6F2197773AFA}.Debug|x64.ActiveCfg = Debug|x64
		{CD3A6B6E-A731-4149-A9AC-6F2197773AFA}.Debug|x64.Build.0 = Debug|x64
		{CD3A6B6E-A731-4149-A9AC-6F2197773AFA}.Debug|x86.ActiveCfg = Debug|Win32
		{CD3A6B6E-A731-4149-A9AC-6F2197773AFA}.Debug|x86.Build.0 = Debug|Win32
		{CD3A6B6E-A731-4149-A9AC-6F2197773AFA}.Release|x64.ActiveCfg = Release|x64
		{CD3A6B6E-A731-4149-A9AC-6F2197773AFA}.Release|x64.Build.0 = Release|x64
		{CD3A6B6E-A731-4149-A9AC-6F2197773AFA}.Release|x86.ActiveCfg = Release|Win32
		{CD3A6B6E-A731-4149-A9AC-6F2197773AFA}.Release|x86.Build.0 = Release|Win32
		{7C15D66D-A71E-416E-92A4-38FC35B1A9B4}.Debug|x64.ActiveCfg = Debug|x64
		{7C15D66D-A71E-416E-92A4-38FC35B1A9B4}.Debug|x64.Build.0 = Debug|x64
		{7C15D66D-A71E-416E-92A4-38FC35B1A9B4}.Debug|x86.ActiveCfg = Debug|Win32
		{7C15D66D-A71E-416E-92A4-38FC35B1A9B4}.Debug|x86.Build.0 = Debug|Win32
		{7C15D66D-A71E-416E-92A4-38FC35B1A9B4}.Release|x64.ActiveCfg = Release|x64
		{7C15D66D-A71E-416E-92A4-38FC35B1A9B4}.Release|x64.Build.0 = Release|x64
		{7C15D66D-A71E-416E-92A4-38FC35B1A9B4}.Release|x86.ActiveCfg = Release|Win32
		{7C15D66D-A71E-416E-92A4-38FC35B1A9B4}.Release|x86.Build.0 = Release|Win32
		{1175BDF7-3D3A-4BB4-B848-B5CFBDE08BD1}.Debug|x64.ActiveCfg = Debug|x64
		{1175BDF7-3D3A-4BB4-B848-B5CFBDE08BD1}.Debug|x64.Build.0 = Debug|x64
		{1175BDF7-3D3A-4BB4-B848-B5CFBDE08BD1}.Debug|x86.ActiveCfg = Debug|Win32
		{1175BDF7-3D3A-4BB4-B848-B5CFBDE08BD1}.Debug|x86.Build.0 = Debug|Win32
		{1175BDF7-3D3A-4BB4-B848-B5CFBDE08BD1}.Release|x64.ActiveCfg = Release|x64
		{1175BDF7-3D3A-4BB4-B848-B5CFBDE08BD1}.Release|x64.Build.0 = Release|x64
		{1175BDF7-3D3A-4BB4-B848-B5CFBDE08BD1}.Release|x86.ActiveCfg = Release|Win32
		{1175BDF7-3D3A-4BB4-B848-B5CFBDE08BD1}.Release|x86.Build.0 = Release|Win32
		{9C24E26A-AA4B-47F8-8B9B-33AA26F267D8}.Debug|x64.ActiveCfg = Debug|x64
		{9C24E26A-AA4B-47F8-8B9B-33AA26F267D8}.Debug|x64.Build.0 = Debug|x64
		{9C24E26A-AA4B-47F8-8B9B-33AA26F267D8}.Debug|x86.ActiveCfg = Debug|Win32
		{9C24E26A-AA4B-47F8-8B9B-33AA26F267D8}.Debug|x86.Build.0 = Debug|Win32
		{9C24E26A-AA4B-47F8-8B9B-33AA26F267D8}.Release|x64.ActiveCfg = Release|x64
		{9C24E26A-AA4B-47F8-8B9B-33AA26F267D8}.Release|x64.Build.0 = Release|x64
		{9C24E26A-AA4B-47F8-8B9B-33AA26F267D8}.Release|x86.ActiveCfg = Release|Win32
		{9C24E26A-AA4B-47F8-8B9B-33AA26F267D8}.Release|x86.Build.0 = Release|Win32
	EndGlobalSection
	GlobalSection(SolutionProperties) = preSolution
		HideSolutionNode = FALSE
	EndGlobalSection
EndGlobal
